
Microsoft Visual Studio Solution File, Format Version 12.00
# Visual Studio Version 16
VisualStudioVersion = 16.0.30204.135
MinimumVisualStudioVersion = 10.0.40219.1
Project("{FAE04EC0-301F-11D3-BF4B-00C04F79EFBC}") = "CSharp", "CSharp\CSharp.csproj", "{48102C74-C221-401D-839A-AF192C5C83B8}"
EndProject
Project("{2150E333-8FDC-42A3-9474-1A3956D46DE8}") = "Solution Items", "Solution Items", "{A4B72254-8EE9-4A66-90A0-63B17CE4D2FA}"
	ProjectSection(SolutionItems) = preProject
		Data\trainingsample.csv = Data\trainingsample.csv
		Data\validationsample.csv = Data\validationsample.csv
	EndProjectSection
EndProject
Project("{F2A71F9B-5D33-465A-A702-920D77279786}") = "FSharp", "FSharp\FSharp.fsproj", "{BC362F9E-45CA-41E1-93EC-709D0D7310B2}"
EndProject
Global
	GlobalSection(SolutionConfigurationPlatforms) = preSolution
		Debug|Any CPU = Debug|Any CPU
		Release|Any CPU = Release|Any CPU
	EndGlobalSection
	GlobalSection(ProjectConfigurationPlatforms) = postSolution
		{48102C74-C221-401D-839A-AF192C5C83B8}.Debug|Any CPU.ActiveCfg = Debug|Any CPU
		{48102C74-C221-401D-839A-AF192C5C83B8}.Debug|Any CPU.Build.0 = Debug|Any CPU
		{48102C74-C221-401D-839A-AF192C5C83B8}.Release|Any CPU.ActiveCfg = Release|Any CPU
		{48102C74-C221-401D-839A-AF192C5C83B8}.Release|Any CPU.Build.0 = Release|Any CPU
		{BC362F9E-45CA-41E1-93EC-709D0D7310B2}.Debug|Any CPU.ActiveCfg = Debug|Any CPU
		{BC362F9E-45CA-41E1-93EC-709D0D7310B2}.Debug|Any CPU.Build.0 = Debug|Any CPU
		{BC362F9E-45CA-41E1-93EC-709D0D7310B2}.Release|Any CPU.ActiveCfg = Release|Any CPU
		{BC362F9E-45CA-41E1-93EC-709D0D7310B2}.Release|Any CPU.Build.0 = Release|Any CPU
	EndGlobalSection
	GlobalSection(SolutionProperties) = preSolution
		HideSolutionNode = FALSE
	EndGlobalSection
	GlobalSection(ExtensibilityGlobals) = postSolution
		SolutionGuid = {3DCB4E03-80AD-4861-941B-603A4FC59AF3}
	EndGlobalSection
EndGlobal
